
Microsoft Visual Studio Solution File, Format Version 12.00
# Visual Studio Version 16
VisualStudioVersion = 16.0.29613.14
MinimumVisualStudioVersion = 10.0.40219.1
Project("{9A19103F-16F7-4668-BE54-9A1E7A4F7556}") = "Rx.Net.Wpf.Search", "Rx.Net.Wpf.Search\Rx.Net.Wpf.Search.csproj", "{19A98F99-5ACD-4726-8292-1430AD415B29}"
EndProject
Global
	GlobalSection(SolutionConfigurationPlatforms) = preSolution
		Debug|Any CPU = Debug|Any CPU
		Release|Any CPU = Release|Any CPU
	EndGlobalSection
	GlobalSection(ProjectConfigurationPlatforms) = postSolution
		{19A98F99-5ACD-4726-8292-1430AD415B29}.Debug|Any CPU.ActiveCfg = Debug|Any CPU
		{19A98F99-5ACD-4726-8292-1430AD415B29}.Debug|Any CPU.Build.0 = Debug|Any CPU
		{19A98F99-5ACD-4726-8292-1430AD415B29}.Release|Any CPU.ActiveCfg = Release|Any CPU
		{19A98F99-5ACD-4726-8292-1430AD415B29}.Release|Any CPU.Build.0 = Release|Any CPU
	EndGlobalSection
	GlobalSection(SolutionProperties) = preSolution
		HideSolutionNode = FALSE
	EndGlobalSection
	GlobalSection(ExtensibilityGlobals) = postSolution
		SolutionGuid = {A83650E7-E46F-4BBF-B340-2B4C3B116C1B}
	EndGlobalSection
EndGlobal
